// !$*UTF8*$!
{
	archiveVersion = 1;
	classes = {
	};
	objectVersion = 77;
	objects = {

/* Begin PBXBuildFile section */
		A767CC8D2DCADD470078F44C /* FLACMetadataKit in Frameworks */ = {isa = PBXBuildFile; productRef = A767CC8C2DCADD470078F44C /* FLACMetadataKit */; };
/* End PBXBuildFile section */

/* Begin PBXContainerItemProxy section */
		A767CC532DCAA5880078F44C /* PBXContainerItemProxy */ = {
			isa = PBXContainerItemProxy;
			containerPortal = A767CC3D2DCAA5870078F44C /* Project object */;
			proxyType = 1;
			remoteGlobalIDString = A767CC442DCAA5870078F44C;
			remoteInfo = MusicApp;
		};
		A767CC5D2DCAA5880078F44C /* PBXContainerItemProxy */ = {
			isa = PBXContainerItemProxy;
			containerPortal = A767CC3D2DCAA5870078F44C /* Project object */;
			proxyType = 1;
			remoteGlobalIDString = A767CC442DCAA5870078F44C;
			remoteInfo = MusicApp;
		};
/* End PBXContainerItemProxy section */

/* Begin PBXFileReference section */
		A767CC452DCAA5870078F44C /* MusicApp.app */ = {isa = PBXFileReference; explicitFileType = wrapper.application; includeInIndex = 0; path = MusicApp.app; sourceTree = BUILT_PRODUCTS_DIR; };
		A767CC522DCAA5880078F44C /* MusicAppTests.xctest */ = {isa = PBXFileReference; explicitFileType = wrapper.cfbundle; includeInIndex = 0; path = MusicAppTests.xctest; sourceTree = BUILT_PRODUCTS_DIR; };
		A767CC5C2DCAA5880078F44C /* MusicAppUITests.xctest */ = {isa = PBXFileReference; explicitFileType = wrapper.cfbundle; includeInIndex = 0; path = MusicAppUITests.xctest; sourceTree = BUILT_PRODUCTS_DIR; };
/* End PBXFileReference section */

/* Begin PBXFileSystemSynchronizedBuildFileExceptionSet section */
		A767CC7B2DCAA71A0078F44C /* Exceptions for "MusicApp" folder in "MusicApp" target */ = {
			isa = PBXFileSystemSynchronizedBuildFileExceptionSet;
			membershipExceptions = (
				Info.plist,
			);
			target = A767CC442DCAA5870078F44C /* MusicApp */;
		};
/* End PBXFileSystemSynchronizedBuildFileExceptionSet section */

/* Begin PBXFileSystemSynchronizedRootGroup section */
		A767CC472DCAA5870078F44C /* MusicApp */ = {
			isa = PBXFileSystemSynchronizedRootGroup;
			exceptions = (
				A767CC7B2DCAA71A0078F44C /* Exceptions for "MusicApp" folder in "MusicApp" target */,
			);
			path = MusicApp;
			sourceTree = "<group>";
		};
		A767CC552DCAA5880078F44C /* MusicAppTests */ = {
			isa = PBXFileSystemSynchronizedRootGroup;
			path = MusicAppTests;
			sourceTree = "<group>";
		};
		A767CC5F2DCAA5880078F44C /* MusicAppUITests */ = {
			isa = PBXFileSystemSynchronizedRootGroup;
			path = MusicAppUITests;
			sourceTree = "<group>";
		};
/* End PBXFileSystemSynchronizedRootGroup section */

/* Begin PBXFrameworksBuildPhase section */
		A767CC422DCAA5870078F44C /* Frameworks */ = {
			isa = PBXFrameworksBuildPhase;
			buildActionMask = 2147483647;
			files = (
				A767CC8D2DCADD470078F44C /* FLACMetadataKit in Frameworks */,
			);
			runOnlyForDeploymentPostprocessing = 0;
		};
		A767CC4F2DCAA5880078F44C /* Frameworks */ = {
			isa = PBXFrameworksBuildPhase;
			buildActionMask = 2147483647;
			files = (
			);
			runOnlyForDeploymentPostprocessing = 0;
		};
		A767CC592DCAA5880078F44C /* Frameworks */ = {
			isa = PBXFrameworksBuildPhase;
			buildActionMask = 2147483647;
			files = (
			);
			runOnlyForDeploymentPostprocessing = 0;
		};
/* End PBXFrameworksBuildPhase section */

/* Begin PBXGroup section */
		A767CC3C2DCAA5870078F44C = {
			isa = PBXGroup;
			children = (
				A767CC472DCAA5870078F44C /* MusicApp */,
				A767CC552DCAA5880078F44C /* MusicAppTests */,
				A767CC5F2DCAA5880078F44C /* MusicAppUITests */,
				A767CC462DCAA5870078F44C /* Products */,
			);
			sourceTree = "<group>";
		};
		A767CC462DCAA5870078F44C /* Products */ = {
			isa = PBXGroup;
			children = (
				A767CC452DCAA5870078F44C /* MusicApp.app */,
				A767CC522DCAA5880078F44C /* MusicAppTests.xctest */,
				A767CC5C2DCAA5880078F44C /* MusicAppUITests.xctest */,
			);
			name = Products;
			sourceTree = "<group>";
		};
/* End PBXGroup section */

/* Begin PBXNativeTarget section */
		A767CC442DCAA5870078F44C /* MusicApp */ = {
			isa = PBXNativeTarget;
			buildConfigurationList = A767CC662DCAA5880078F44C /* Build configuration list for PBXNativeTarget "MusicApp" */;
			buildPhases = (
				A767CC412DCAA5870078F44C /* Sources */,
				A767CC422DCAA5870078F44C /* Frameworks */,
				A767CC432DCAA5870078F44C /* Resources */,
			);
			buildRules = (
			);
			dependencies = (
			);
			fileSystemSynchronizedGroups = (
				A767CC472DCAA5870078F44C /* MusicApp */,
			);
			name = MusicApp;
			packageProductDependencies = (
				A767CC8C2DCADD470078F44C /* FLACMetadataKit */,
			);
			productName = MusicApp;
			productReference = A767CC452DCAA5870078F44C /* MusicApp.app */;
			productType = "com.apple.product-type.application";
		};
		A767CC512DCAA5880078F44C /* MusicAppTests */ = {
			isa = PBXNativeTarget;
			buildConfigurationList = A767CC692DCAA5880078F44C /* Build configuration list for PBXNativeTarget "MusicAppTests" */;
			buildPhases = (
				A767CC4E2DCAA5880078F44C /* Sources */,
				A767CC4F2DCAA5880078F44C /* Frameworks */,
				A767CC502DCAA5880078F44C /* Resources */,
			);
			buildRules = (
			);
			dependencies = (
				A767CC542DCAA5880078F44C /* PBXTargetDependency */,
			);
			fileSystemSynchronizedGroups = (
				A767CC552DCAA5880078F44C /* MusicAppTests */,
			);
			name = MusicAppTests;
			packageProductDependencies = (
			);
			productName = MusicAppTests;
			productReference = A767CC522DCAA5880078F44C /* MusicAppTests.xctest */;
			productType = "com.apple.product-type.bundle.unit-test";
		};
		A767CC5B2DCAA5880078F44C /* MusicAppUITests */ = {
			isa = PBXNativeTarget;
			buildConfigurationList = A767CC6C2DCAA5880078F44C /* Build configuration list for PBXNativeTarget "MusicAppUITests" */;
			buildPhases = (
				A767CC582DCAA5880078F44C /* Sources */,
				A767CC592DCAA5880078F44C /* Frameworks */,
				A767CC5A2DCAA5880078F44C /* Resources */,
			);
			buildRules = (
			);
			dependencies = (
				A767CC5E2DCAA5880078F44C /* PBXTargetDependency */,
			);
			fileSystemSynchronizedGroups = (
				A767CC5F2DCAA5880078F44C /* MusicAppUITests */,
			);
			name = MusicAppUITests;
			packageProductDependencies = (
			);
			productName = MusicAppUITests;
			productReference = A767CC5C2DCAA5880078F44C /* MusicAppUITests.xctest */;
			productType = "com.apple.product-type.bundle.ui-testing";
		};
/* End PBXNativeTarget section */

/* Begin PBXProject section */
		A767CC3D2DCAA5870078F44C /* Project object */ = {
			isa = PBXProject;
			attributes = {
				BuildIndependentTargetsInParallel = 1;
				LastSwiftUpdateCheck = 1630;
				LastUpgradeCheck = 1630;
				TargetAttributes = {
					A767CC442DCAA5870078F44C = {
						CreatedOnToolsVersion = 16.3;
					};
					A767CC512DCAA5880078F44C = {
						CreatedOnToolsVersion = 16.3;
						TestTargetID = A767CC442DCAA5870078F44C;
					};
					A767CC5B2DCAA5880078F44C = {
						CreatedOnToolsVersion = 16.3;
						TestTargetID = A767CC442DCAA5870078F44C;
					};
				};
			};
			buildConfigurationList = A767CC402DCAA5870078F44C /* Build configuration list for PBXProject "MusicApp" */;
			developmentRegion = en;
			hasScannedForEncodings = 0;
			knownRegions = (
				en,
				Base,
			);
			mainGroup = A767CC3C2DCAA5870078F44C;
			minimizedProjectReferenceProxies = 1;
			packageReferences = (
				A767CC8B2DCADD460078F44C /* XCRemoteSwiftPackageReference "FLACMetadataKit" */,
			);
			preferredProjectObjectVersion = 77;
			productRefGroup = A767CC462DCAA5870078F44C /* Products */;
			projectDirPath = "";
			projectRoot = "";
			targets = (
				A767CC442DCAA5870078F44C /* MusicApp */,
				A767CC512DCAA5880078F44C /* MusicAppTests */,
				A767CC5B2DCAA5880078F44C /* MusicAppUITests */,
			);
		};
/* End PBXProject section */

/* Begin PBXResourcesBuildPhase section */
		A767CC432DCAA5870078F44C /* Resources */ = {
			isa = PBXResourcesBuildPhase;
			buildActionMask = 2147483647;
			files = (
			);
			runOnlyForDeploymentPostprocessing = 0;
		};
		A767CC502DCAA5880078F44C /* Resources */ = {
			isa = PBXResourcesBuildPhase;
			buildActionMask = 2147483647;
			files = (
			);
			runOnlyForDeploymentPostprocessing = 0;
		};
		A767CC5A2DCAA5880078F44C /* Resources */ = {
			isa = PBXResourcesBuildPhase;
			buildActionMask = 2147483647;
			files = (
			);
			runOnlyForDeploymentPostprocessing = 0;
		};
/* End PBXResourcesBuildPhase section */

/* Begin PBXSourcesBuildPhase section */
		A767CC412DCAA5870078F44C /* Sources */ = {
			isa = PBXSourcesBuildPhase;
			buildActionMask = 2147483647;
			files = (
			);
			runOnlyForDeploymentPostprocessing = 0;
		};
		A767CC4E2DCAA5880078F44C /* Sources */ = {
			isa = PBXSourcesBuildPhase;
			buildActionMask = 2147483647;
			files = (
			);
			runOnlyForDeploymentPostprocessing = 0;
		};
		A767CC582DCAA5880078F44C /* Sources */ = {
			isa = PBXSourcesBuildPhase;
			buildActionMask = 2147483647;
			files = (
			);
			runOnlyForDeploymentPostprocessing = 0;
		};
/* End PBXSourcesBuildPhase section */

/* Begin PBXTargetDependency section */
		A767CC542DCAA5880078F44C /* PBXTargetDependency */ = {
			isa = PBXTargetDependency;
			target = A767CC442DCAA5870078F44C /* MusicApp */;
			targetProxy = A767CC532DCAA5880078F44C /* PBXContainerItemProxy */;
		};
		A767CC5E2DCAA5880078F44C /* PBXTargetDependency */ = {
			isa = PBXTargetDependency;
			target = A767CC442DCAA5870078F44C /* MusicApp */;
			targetProxy = A767CC5D2DCAA5880078F44C /* PBXContainerItemProxy */;
		};
/* End PBXTargetDependency section */

/* Begin XCBuildConfiguration section */
		A767CC642DCAA5880078F44C /* Debug */ = {
			isa = XCBuildConfiguration;
			buildSettings = {
				ALWAYS_SEARCH_USER_PATHS = NO;
				ASSETCATALOG_COMPILER_GENERATE_SWIFT_ASSET_SYMBOL_EXTENSIONS = YES;
				CLANG_ANALYZER_NONNULL = YES;
				CLANG_ANALYZER_NUMBER_OBJECT_CONVERSION = YES_AGGRESSIVE;
				CLANG_CXX_LANGUAGE_STANDARD = "gnu++20";
				CLANG_ENABLE_MODULES = YES;
				CLANG_ENABLE_OBJC_ARC = YES;
				CLANG_ENABLE_OBJC_WEAK = YES;
				CLANG_WARN_BLOCK_CAPTURE_AUTORELEASING = YES;
				CLANG_WARN_BOOL_CONVERSION = YES;
				CLANG_WARN_COMMA = YES;
				CLANG_WARN_CONSTANT_CONVERSION = YES;
				CLANG_WARN_DEPRECATED_OBJC_IMPLEMENTATIONS = YES;
				CLANG_WARN_DIRECT_OBJC_ISA_USAGE = YES_ERROR;
				CLANG_WARN_DOCUMENTATION_COMMENTS = YES;
				CLANG_WARN_EMPTY_BODY = YES;
				CLANG_WARN_ENUM_CONVERSION = YES;
				CLANG_WARN_INFINITE_RECURSION = YES;
				CLANG_WARN_INT_CONVERSION = YES;
				CLANG_WARN_NON_LITERAL_NULL_CONVERSION = YES;
				CLANG_WARN_OBJC_IMPLICIT_RETAIN_SELF = YES;
				CLANG_WARN_OBJC_LITERAL_CONVERSION = YES;
				CLANG_WARN_OBJC_ROOT_CLASS = YES_ERROR;
				CLANG_WARN_QUOTED_INCLUDE_IN_FRAMEWORK_HEADER = YES;
				CLANG_WARN_RANGE_LOOP_ANALYSIS = YES;
				CLANG_WARN_STRICT_PROTOTYPES = YES;
				CLANG_WARN_SUSPICIOUS_MOVE = YES;
				CLANG_WARN_UNGUARDED_AVAILABILITY = YES_AGGRESSIVE;
				CLANG_WARN_UNREACHABLE_CODE = YES;
				CLANG_WARN__DUPLICATE_METHOD_MATCH = YES;
				COPY_PHASE_STRIP = NO;
				DEBUG_INFORMATION_FORMAT = dwarf;
				DEVELOPMENT_TEAM = Q33D2T3R27;
				ENABLE_STRICT_OBJC_MSGSEND = YES;
				ENABLE_TESTABILITY = YES;
				ENABLE_USER_SCRIPT_SANDBOXING = YES;
				GCC_C_LANGUAGE_STANDARD = gnu17;
				GCC_DYNAMIC_NO_PIC = NO;
				GCC_NO_COMMON_BLOCKS = YES;
				GCC_OPTIMIZATION_LEVEL = 0;
				GCC_PREPROCESSOR_DEFINITIONS = (
					"DEBUG=1",
					"$(inherited)",
				);
				GCC_WARN_64_TO_32_BIT_CONVERSION = YES;
				GCC_WARN_ABOUT_RETURN_TYPE = YES_ERROR;
				GCC_WARN_UNDECLARED_SELECTOR = YES;
				GCC_WARN_UNINITIALIZED_AUTOS = YES_AGGRESSIVE;
				GCC_WARN_UNUSED_FUNCTION = YES;
				GCC_WARN_UNUSED_VARIABLE = YES;
				IPHONEOS_DEPLOYMENT_TARGET = 18.4;
				LOCALIZATION_PREFERS_STRING_CATALOGS = YES;
				MTL_ENABLE_DEBUG_INFO = INCLUDE_SOURCE;
				MTL_FAST_MATH = YES;
				ONLY_ACTIVE_ARCH = YES;
				SDKROOT = iphoneos;
				SWIFT_ACTIVE_COMPILATION_CONDITIONS = "DEBUG $(inherited)";
				SWIFT_OPTIMIZATION_LEVEL = "-Onone";
			};
			name = Debug;
		};
		A767CC652DCAA5880078F44C /* Release */ = {
			isa = XCBuildConfiguration;
			buildSettings = {
				ALWAYS_SEARCH_USER_PATHS = NO;
				ASSETCATALOG_COMPILER_GENERATE_SWIFT_ASSET_SYMBOL_EXTENSIONS = YES;
				CLANG_ANALYZER_NONNULL = YES;
				CLANG_ANALYZER_NUMBER_OBJECT_CONVERSION = YES_AGGRESSIVE;
				CLANG_CXX_LANGUAGE_STANDARD = "gnu++20";
				CLANG_ENABLE_MODULES = YES;
				CLANG_ENABLE_OBJC_ARC = YES;
				CLANG_ENABLE_OBJC_WEAK = YES;
				CLANG_WARN_BLOCK_CAPTURE_AUTORELEASING = YES;
				CLANG_WARN_BOOL_CONVERSION = YES;
				CLANG_WARN_COMMA = YES;
				CLANG_WARN_CONSTANT_CONVERSION = YES;
				CLANG_WARN_DEPRECATED_OBJC_IMPLEMENTATIONS = YES;
				CLANG_WARN_DIRECT_OBJC_ISA_USAGE = YES_ERROR;
				CLANG_WARN_DOCUMENTATION_COMMENTS = YES;
				CLANG_WARN_EMPTY_BODY = YES;
				CLANG_WARN_ENUM_CONVERSION = YES;
				CLANG_WARN_INFINITE_RECURSION = YES;
				CLANG_WARN_INT_CONVERSION = YES;
				CLANG_WARN_NON_LITERAL_NULL_CONVERSION = YES;
				CLANG_WARN_OBJC_IMPLICIT_RETAIN_SELF = YES;
				CLANG_WARN_OBJC_LITERAL_CONVERSION = YES;
				CLANG_WARN_OBJC_ROOT_CLASS = YES_ERROR;
				CLANG_WARN_QUOTED_INCLUDE_IN_FRAMEWORK_HEADER = YES;
				CLANG_WARN_RANGE_LOOP_ANALYSIS = YES;
				CLANG_WARN_STRICT_PROTOTYPES = YES;
				CLANG_WARN_SUSPICIOUS_MOVE = YES;
				CLANG_WARN_UNGUARDED_AVAILABILITY = YES_AGGRESSIVE;
				CLANG_WARN_UNREACHABLE_CODE = YES;
				CLANG_WARN__DUPLICATE_METHOD_MATCH = YES;
				COPY_PHASE_STRIP = NO;
				DEBUG_INFORMATION_FORMAT = "dwarf-with-dsym";
				DEVELOPMENT_TEAM = Q33D2T3R27;
				ENABLE_NS_ASSERTIONS = NO;
				ENABLE_STRICT_OBJC_MSGSEND = YES;
				ENABLE_USER_SCRIPT_SANDBOXING = YES;
				GCC_C_LANGUAGE_STANDARD = gnu17;
				GCC_NO_COMMON_BLOCKS = YES;
				GCC_WARN_64_TO_32_BIT_CONVERSION = YES;
				GCC_WARN_ABOUT_RETURN_TYPE = YES_ERROR;
				GCC_WARN_UNDECLARED_SELECTOR = YES;
				GCC_WARN_UNINITIALIZED_AUTOS = YES_AGGRESSIVE;
				GCC_WARN_UNUSED_FUNCTION = YES;
				GCC_WARN_UNUSED_VARIABLE = YES;
				IPHONEOS_DEPLOYMENT_TARGET = 18.4;
				LOCALIZATION_PREFERS_STRING_CATALOGS = YES;
				MTL_ENABLE_DEBUG_INFO = NO;
				MTL_FAST_MATH = YES;
				SDKROOT = iphoneos;
				SWIFT_COMPILATION_MODE = wholemodule;
				VALIDATE_PRODUCT = YES;
			};
			name = Release;
		};
		A767CC672DCAA5880078F44C /* Debug */ = {
			isa = XCBuildConfiguration;
			buildSettings = {
				ASSETCATALOG_COMPILER_APPICON_NAME = AppIcon;
				ASSETCATALOG_COMPILER_GLOBAL_ACCENT_COLOR_NAME = AccentColor;
				CODE_SIGN_STYLE = Automatic;
				CURRENT_PROJECT_VERSION = 1;
				DEVELOPMENT_TEAM = Q33D2T3R27;
				ENABLE_PREVIEWS = YES;
				GENERATE_INFOPLIST_FILE = YES;
				INFOPLIST_FILE = MusicApp/Info.plist;
				INFOPLIST_KEY_LSApplicationCategoryType = "public.app-category.music";
				INFOPLIST_KEY_UIApplicationSceneManifest_Generation = YES;
				INFOPLIST_KEY_UIApplicationSupportsIndirectInputEvents = YES;
				INFOPLIST_KEY_UILaunchScreen_Generation = YES;
				INFOPLIST_KEY_UISupportedInterfaceOrientations_iPad = "UIInterfaceOrientationPortrait UIInterfaceOrientationPortraitUpsideDown UIInterfaceOrientationLandscapeLeft UIInterfaceOrientationLandscapeRight";
				INFOPLIST_KEY_UISupportedInterfaceOrientations_iPhone = "UIInterfaceOrientationPortrait UIInterfaceOrientationLandscapeLeft UIInterfaceOrientationLandscapeRight";
				LD_RUNPATH_SEARCH_PATHS = (
					"$(inherited)",
					"@executable_path/Frameworks",
				);
				MARKETING_VERSION = 1.0;
				PRODUCT_BUNDLE_IDENTIFIER = cn.caiyy.JnDay2.MusicApp;
				PRODUCT_NAME = "$(TARGET_NAME)";
				SWIFT_EMIT_LOC_STRINGS = YES;
				SWIFT_VERSION = 5.0;
				TARGETED_DEVICE_FAMILY = "1,2";
			};
			name = Debug;
		};
		A767CC682DCAA5880078F44C /* Release */ = {
			isa = XCBuildConfiguration;
			buildSettings = {
				ASSETCATALOG_COMPILER_APPICON_NAME = AppIcon;
				ASSETCATALOG_COMPILER_GLOBAL_ACCENT_COLOR_NAME = AccentColor;
				CODE_SIGN_STYLE = Automatic;
				CURRENT_PROJECT_VERSION = 1;
				DEVELOPMENT_TEAM = Q33D2T3R27;
				ENABLE_PREVIEWS = YES;
				GENERATE_INFOPLIST_FILE = YES;
				INFOPLIST_FILE = MusicApp/Info.plist;
				INFOPLIST_KEY_LSApplicationCategoryType = "public.app-category.music";
				INFOPLIST_KEY_UIApplicationSceneManifest_Generation = YES;
				INFOPLIST_KEY_UIApplicationSupportsIndirectInputEvents = YES;
				INFOPLIST_KEY_UILaunchScreen_Generation = YES;
				INFOPLIST_KEY_UISupportedInterfaceOrientations_iPad = "UIInterfaceOrientationPortrait UIInterfaceOrientationPortraitUpsideDown UIInterfaceOrientationLandscapeLeft UIInterfaceOrientationLandscapeRight";
				INFOPLIST_KEY_UISupportedInterfaceOrientations_iPhone = "UIInterfaceOrientationPortrait UIInterfaceOrientationLandscapeLeft UIInterfaceOrientationLandscapeRight";
				LD_RUNPATH_SEARCH_PATHS = (
					"$(inherited)",
					"@executable_path/Frameworks",
				);
				MARKETING_VERSION = 1.0;
				PRODUCT_BUNDLE_IDENTIFIER = cn.caiyy.JnDay2.MusicApp;
				PRODUCT_NAME = "$(TARGET_NAME)";
				SWIFT_EMIT_LOC_STRINGS = YES;
				SWIFT_VERSION = 5.0;
				TARGETED_DEVICE_FAMILY = "1,2";
			};
			name = Release;
		};
		A767CC6A2DCAA5880078F44C /* Debug */ = {
			isa = XCBuildConfiguration;
			buildSettings = {
				BUNDLE_LOADER = "$(TEST_HOST)";
				CODE_SIGN_STYLE = Automatic;
				CURRENT_PROJECT_VERSION = 1;
				DEVELOPMENT_TEAM = Q33D2T3R27;
				GENERATE_INFOPLIST_FILE = YES;
				IPHONEOS_DEPLOYMENT_TARGET = 18.4;
				MARKETING_VERSION = 1.0;
				PRODUCT_BUNDLE_IDENTIFIER = cn.caiyy.JnDay2.MusicAppTests;
				PRODUCT_NAME = "$(TARGET_NAME)";
				SWIFT_EMIT_LOC_STRINGS = NO;
				SWIFT_VERSION = 5.0;
				TARGETED_DEVICE_FAMILY = "1,2";
				TEST_HOST = "$(BUILT_PRODUCTS_DIR)/MusicApp.app/$(BUNDLE_EXECUTABLE_FOLDER_PATH)/MusicApp";
			};
			name = Debug;
		};
		A767CC6B2DCAA5880078F44C /* Release */ = {
			isa = XCBuildConfiguration;
			buildSettings = {
				BUNDLE_LOADER = "$(TEST_HOST)";
				CODE_SIGN_STYLE = Automatic;
				CURRENT_PROJECT_VERSION = 1;
				DEVELOPMENT_TEAM = Q33D2T3R27;
				GENERATE_INFOPLIST_FILE = YES;
				IPHONEOS_DEPLOYMENT_TARGET = 18.4;
				MARKETING_VERSION = 1.0;
				PRODUCT_BUNDLE_IDENTIFIER = cn.caiyy.JnDay2.MusicAppTests;
				PRODUCT_NAME = "$(TARGET_NAME)";
				SWIFT_EMIT_LOC_STRINGS = NO;
				SWIFT_VERSION = 5.0;
				TARGETED_DEVICE_FAMILY = "1,2";
				TEST_HOST = "$(BUILT_PRODUCTS_DIR)/MusicApp.app/$(BUNDLE_EXECUTABLE_FOLDER_PATH)/MusicApp";
			};
			name = Release;
		};
		A767CC6D2DCAA5880078F44C /* Debug */ = {
			isa = XCBuildConfiguration;
			buildSettings = {
				CODE_SIGN_STYLE = Automatic;
				CURRENT_PROJECT_VERSION = 1;
				DEVELOPMENT_TEAM = Q33D2T3R27;
				GENERATE_INFOPLIST_FILE = YES;
				MARKETING_VERSION = 1.0;
				PRODUCT_BUNDLE_IDENTIFIER = cn.caiyy.JnDay2.MusicAppUITests;
				PRODUCT_NAME = "$(TARGET_NAME)";
				SWIFT_EMIT_LOC_STRINGS = NO;
				SWIFT_VERSION = 5.0;
				TARGETED_DEVICE_FAMILY = "1,2";
				TEST_TARGET_NAME = MusicApp;
			};
			name = Debug;
		};
		A767CC6E2DCAA5880078F44C /* Release */ = {
			isa = XCBuildConfiguration;
			buildSettings = {
				CODE_SIGN_STYLE = Automatic;
				CURRENT_PROJECT_VERSION = 1;
				DEVELOPMENT_TEAM = Q33D2T3R27;
				GENERATE_INFOPLIST_FILE = YES;
				MARKETING_VERSION = 1.0;
				PRODUCT_BUNDLE_IDENTIFIER = cn.caiyy.JnDay2.MusicAppUITests;
				PRODUCT_NAME = "$(TARGET_NAME)";
				SWIFT_EMIT_LOC_STRINGS = NO;
				SWIFT_VERSION = 5.0;
				TARGETED_DEVICE_FAMILY = "1,2";
				TEST_TARGET_NAME = MusicApp;
			};
			name = Release;
		};
/* End XCBuildConfiguration section */

/* Begin XCConfigurationList section */
		A767CC402DCAA5870078F44C /* Build configuration list for PBXProject "MusicApp" */ = {
			isa = XCConfigurationList;
			buildConfigurations = (
				A767CC642DCAA5880078F44C /* Debug */,
				A767CC652DCAA5880078F44C /* Release */,
			);
			defaultConfigurationIsVisible = 0;
			defaultConfigurationName = Release;
		};
		A767CC662DCAA5880078F44C /* Build configuration list for PBXNativeTarget "MusicApp" */ = {
			isa = XCConfigurationList;
			buildConfigurations = (
				A767CC672DCAA5880078F44C /* Debug */,
				A767CC682DCAA5880078F44C /* Release */,
			);
			defaultConfigurationIsVisible = 0;
			defaultConfigurationName = Release;
		};
		A767CC692DCAA5880078F44C /* Build configuration list for PBXNativeTarget "MusicAppTests" */ = {
			isa = XCConfigurationList;
			buildConfigurations = (
				A767CC6A2DCAA5880078F44C /* Debug */,
				A767CC6B2DCAA5880078F44C /* Release */,
			);
			defaultConfigurationIsVisible = 0;
			defaultConfigurationName = Release;
		};
		A767CC6C2DCAA5880078F44C /* Build configuration list for PBXNativeTarget "MusicAppUITests" */ = {
			isa = XCConfigurationList;
			buildConfigurations = (
				A767CC6D2DCAA5880078F44C /* Debug */,
				A767CC6E2DCAA5880078F44C /* Release */,
			);
			defaultConfigurationIsVisible = 0;
			defaultConfigurationName = Release;
		};
/* End XCConfigurationList section */

/* Begin XCRemoteSwiftPackageReference section */
		A767CC8B2DCADD460078F44C /* XCRemoteSwiftPackageReference "FLACMetadataKit" */ = {
			isa = XCRemoteSwiftPackageReference;
			repositoryURL = "https://github.com/claucambra/FLACMetadataKit";
			requirement = {
				kind = upToNextMajorVersion;
				minimumVersion = 1.0.0;
			};
		};
/* End XCRemoteSwiftPackageReference section */

/* Begin XCSwiftPackageProductDependency section */
		A767CC8C2DCADD470078F44C /* FLACMetadataKit */ = {
			isa = XCSwiftPackageProductDependency;
			package = A767CC8B2DCADD460078F44C /* XCRemoteSwiftPackageReference "FLACMetadataKit" */;
			productName = FLACMetadataKit;
		};
/* End XCSwiftPackageProductDependency section */
	};
	rootObject = A767CC3D2DCAA5870078F44C /* Project object */;
}
